
Microsoft Visual Studio Solution File, Format Version 12.00
# Visual Studio Version 17
VisualStudioVersion = 17.14.36221.1
MinimumVisualStudioVersion = 10.0.40219.1
Project("{FAE04EC0-301F-11D3-BF4B-00C04F79EFBC}") = "GioiThieuControlEvents", "GioiThieuControlEvents\GioiThieuControlEvents.csproj", "{814AC2E2-592A-43C0-9B94-FEA517E2BD55}"
EndProject
Project("{FAE04EC0-301F-11D3-BF4B-00C04F79EFBC}") = "MotSoControlCoBan", "MotSoControlCoBan\MotSoControlCoBan.csproj", "{D6ECD032-BFE6-40BC-833D-751EC2B5F29D}"
EndProject
Global
	GlobalSection(SolutionConfigurationPlatforms) = preSolution
		Debug|Any CPU = Debug|Any CPU
		Release|Any CPU = Release|Any CPU
	EndGlobalSection
	GlobalSection(ProjectConfigurationPlatforms) = postSolution
		{814AC2E2-592A-43C0-9B94-FEA517E2BD55}.Debug|Any CPU.ActiveCfg = Debug|Any CPU
		{814AC2E2-592A-43C0-9B94-FEA517E2BD55}.Debug|Any CPU.Build.0 = Debug|Any CPU
		{814AC2E2-592A-43C0-9B94-FEA517E2BD55}.Release|Any CPU.ActiveCfg = Release|Any CPU
		{814AC2E2-592A-43C0-9B94-FEA517E2BD55}.Release|Any CPU.Build.0 = Release|Any CPU
		{D6ECD032-BFE6-40BC-833D-751EC2B5F29D}.Debug|Any CPU.ActiveCfg = Debug|Any CPU
		{D6ECD032-BFE6-40BC-833D-751EC2B5F29D}.Debug|Any CPU.Build.0 = Debug|Any CPU
		{D6ECD032-BFE6-40BC-833D-751EC2B5F29D}.Release|Any CPU.ActiveCfg = Release|Any CPU
		{D6ECD032-BFE6-40BC-833D-751EC2B5F29D}.Release|Any CPU.Build.0 = Release|Any CPU
	EndGlobalSection
	GlobalSection(SolutionProperties) = preSolution
		HideSolutionNode = FALSE
	EndGlobalSection
	GlobalSection(ExtensibilityGlobals) = postSolution
		SolutionGuid = {1788D4F2-67EE-4690-A697-AF82B9E939AA}
	EndGlobalSection
EndGlobal
